// !$*UTF8*$!
{
	archiveVersion = 1;
	classes = {
	};
	objectVersion = 46;
	objects = {

/* Begin PBXBuildFile section */
		205206A719D702E200D2DEE9 /* DragView.m in Sources */ = {isa = PBXBuildFile; fileRef = 205206A419D702E200D2DEE9 /* DragView.m */; };
		205206A819D702E200D2DEE9 /* editLineViewController.m in Sources */ = {isa = PBXBuildFile; fileRef = 205206A519D702E200D2DEE9 /* editLineViewController.m */; };
		205206A919D702E200D2DEE9 /* homeViewController.m in Sources */ = {isa = PBXBuildFile; fileRef = 205206A619D702E200D2DEE9 /* homeViewController.m */; };
		205206AB19D702EA00D2DEE9 /* editStarViewController.mm in Sources */ = {isa = PBXBuildFile; fileRef = 205206AA19D702EA00D2DEE9 /* editStarViewController.mm */; };
		205206BB19D702F100D2DEE9 /* back1.png in Resources */ = {isa = PBXBuildFile; fileRef = 205206AD19D702F100D2DEE9 /* back1.png */; };
		205206BC19D702F100D2DEE9 /* back2.png in Resources */ = {isa = PBXBuildFile; fileRef = 205206AE19D702F100D2DEE9 /* back2.png */; };
		205206BD19D702F100D2DEE9 /* back3.png in Resources */ = {isa = PBXBuildFile; fileRef = 205206AF19D702F100D2DEE9 /* back3.png */; };
		205206BE19D702F100D2DEE9 /* back4.png in Resources */ = {isa = PBXBuildFile; fileRef = 205206B019D702F100D2DEE9 /* back4.png */; };
		205206BF19D702F100D2DEE9 /* back5.png in Resources */ = {isa = PBXBuildFile; fileRef = 205206B119D702F100D2DEE9 /* back5.png */; };
		205206C019D702F100D2DEE9 /* hoshi01.png in Resources */ = {isa = PBXBuildFile; fileRef = 205206B319D702F100D2DEE9 /* hoshi01.png */; };
		205206C119D702F100D2DEE9 /* hoshi11.png in Resources */ = {isa = PBXBuildFile; fileRef = 205206B419D702F100D2DEE9 /* hoshi11.png */; };
		205206C219D702F100D2DEE9 /* hoshi12.png in Resources */ = {isa = PBXBuildFile; fileRef = 205206B519D702F100D2DEE9 /* hoshi12.png */; };
		205206C319D702F100D2DEE9 /* hoshi13.png in Resources */ = {isa = PBXBuildFile; fileRef = 205206B619D702F100D2DEE9 /* hoshi13.png */; };
		205206C419D702F100D2DEE9 /* hoshi21.png in Resources */ = {isa = PBXBuildFile; fileRef = 205206B719D702F100D2DEE9 /* hoshi21.png */; };
		205206C519D702F100D2DEE9 /* hoshi22.png in Resources */ = {isa = PBXBuildFile; fileRef = 205206B819D702F100D2DEE9 /* hoshi22.png */; };
		205206C619D702F100D2DEE9 /* hoshi23.png in Resources */ = {isa = PBXBuildFile; fileRef = 205206B919D702F100D2DEE9 /* hoshi23.png */; };
		205206C719D702F100D2DEE9 /* hoshi99.png in Resources */ = {isa = PBXBuildFile; fileRef = 205206BA19D702F100D2DEE9 /* hoshi99.png */; };
		205206C919D7030200D2DEE9 /* opencv2.framework in Frameworks */ = {isa = PBXBuildFile; fileRef = 205206C819D7030200D2DEE9 /* opencv2.framework */; };
		205206CB19D704C600D2DEE9 /* hisyatai1.png in Resources */ = {isa = PBXBuildFile; fileRef = 205206CA19D704C600D2DEE9 /* hisyatai1.png */; };
		3B3E97A819EACAD400DA92E8 /* line.png in Resources */ = {isa = PBXBuildFile; fileRef = 3B3E97A719EACAD400DA92E8 /* line.png */; };
		3B874C4619EA015000EDDE68 /* spcback3.jpg in Resources */ = {isa = PBXBuildFile; fileRef = 3B874C4519EA015000EDDE68 /* spcback3.jpg */; };
		3B874C4819EA0DD800EDDE68 /* button1.png in Resources */ = {isa = PBXBuildFile; fileRef = 3B874C4719EA0DD800EDDE68 /* button1.png */; };
		3B874C4A19EA0DE200EDDE68 /* button2.png in Resources */ = {isa = PBXBuildFile; fileRef = 3B874C4919EA0DE200EDDE68 /* button2.png */; };
		3B874C4C19EA9F8C00EDDE68 /* button3.png in Resources */ = {isa = PBXBuildFile; fileRef = 3B874C4B19EA9F8C00EDDE68 /* button3.png */; };
		3B874C4E19EA9F9300EDDE68 /* button4.png in Resources */ = {isa = PBXBuildFile; fileRef = 3B874C4D19EA9F9300EDDE68 /* button4.png */; };
		77DADF6619FE704300E05C93 /* PaletteViewController.m in Sources */ = {isa = PBXBuildFile; fileRef = 77DADF6519FE704300E05C93 /* PaletteViewController.m */; settings = {COMPILER_FLAGS = "-fno-objc-arc"; }; };
		87188F6219B9C8300073D35C /* Foundation.framework in Frameworks */ = {isa = PBXBuildFile; fileRef = 87188F6119B9C8300073D35C /* Foundation.framework */; };
		87188F6419B9C8300073D35C /* CoreGraphics.framework in Frameworks */ = {isa = PBXBuildFile; fileRef = 87188F6319B9C8300073D35C /* CoreGraphics.framework */; };
		87188F6619B9C8300073D35C /* UIKit.framework in Frameworks */ = {isa = PBXBuildFile; fileRef = 87188F6519B9C8300073D35C /* UIKit.framework */; };
		87188F6C19B9C8300073D35C /* InfoPlist.strings in Resources */ = {isa = PBXBuildFile; fileRef = 87188F6A19B9C8300073D35C /* InfoPlist.strings */; };
		87188F6E19B9C8300073D35C /* main.m in Sources */ = {isa = PBXBuildFile; fileRef = 87188F6D19B9C8300073D35C /* main.m */; };
		87188F7219B9C8300073D35C /* AppDelegate.m in Sources */ = {isa = PBXBuildFile; fileRef = 87188F7119B9C8300073D35C /* AppDelegate.m */; };
		87188F7519B9C8300073D35C /* Main_iPhone.storyboard in Resources */ = {isa = PBXBuildFile; fileRef = 87188F7319B9C8300073D35C /* Main_iPhone.storyboard */; };
		87188F7819B9C8300073D35C /* Main_iPad.storyboard in Resources */ = {isa = PBXBuildFile; fileRef = 87188F7619B9C8300073D35C /* Main_iPad.storyboard */; };
		87188F7D19B9C8300073D35C /* Images.xcassets in Resources */ = {isa = PBXBuildFile; fileRef = 87188F7C19B9C8300073D35C /* Images.xcassets */; };
		87188F8419B9C8300073D35C /* XCTest.framework in Frameworks */ = {isa = PBXBuildFile; fileRef = 87188F8319B9C8300073D35C /* XCTest.framework */; };
		87188F8519B9C8300073D35C /* Foundation.framework in Frameworks */ = {isa = PBXBuildFile; fileRef = 87188F6119B9C8300073D35C /* Foundation.framework */; };
		87188F8619B9C8300073D35C /* UIKit.framework in Frameworks */ = {isa = PBXBuildFile; fileRef = 87188F6519B9C8300073D35C /* UIKit.framework */; };
		87188F8E19B9C8300073D35C /* InfoPlist.strings in Resources */ = {isa = PBXBuildFile; fileRef = 87188F8C19B9C8300073D35C /* InfoPlist.strings */; };
		87188F9019B9C8300073D35C /* SPiCaTests.m in Sources */ = {isa = PBXBuildFile; fileRef = 87188F8F19B9C8300073D35C /* SPiCaTests.m */; };
/* End PBXBuildFile section */

/* Begin PBXContainerItemProxy section */
		87188F8719B9C8300073D35C /* PBXContainerItemProxy */ = {
			isa = PBXContainerItemProxy;
			containerPortal = 87188F5619B9C82F0073D35C /* Project object */;
			proxyType = 1;
			remoteGlobalIDString = 87188F5D19B9C8300073D35C;
			remoteInfo = SPiCa;
		};
/* End PBXContainerItemProxy section */

/* Begin PBXFileReference section */
		205206A019D702D100D2DEE9 /* DragView.h */ = {isa = PBXFileReference; fileEncoding = 4; lastKnownFileType = sourcecode.c.h; path = DragView.h; sourceTree = "<group>"; };
		205206A119D702D100D2DEE9 /* editLineViewController.h */ = {isa = PBXFileReference; fileEncoding = 4; lastKnownFileType = sourcecode.c.h; path = editLineViewController.h; sourceTree = "<group>"; };
		205206A219D702D100D2DEE9 /* editStarViewController.h */ = {isa = PBXFileReference; fileEncoding = 4; lastKnownFileType = sourcecode.c.h; path = editStarViewController.h; sourceTree = "<group>"; };
		205206A319D702D100D2DEE9 /* homeViewController.h */ = {isa = PBXFileReference; fileEncoding = 4; lastKnownFileType = sourcecode.c.h; path = homeViewController.h; sourceTree = "<group>"; };
		205206A419D702E200D2DEE9 /* DragView.m */ = {isa = PBXFileReference; fileEncoding = 4; lastKnownFileType = sourcecode.c.objc; path = DragView.m; sourceTree = "<group>"; };
		205206A519D702E200D2DEE9 /* editLineViewController.m */ = {isa = PBXFileReference; fileEncoding = 4; lastKnownFileType = sourcecode.c.objc; path = editLineViewController.m; sourceTree = "<group>"; };
		205206A619D702E200D2DEE9 /* homeViewController.m */ = {isa = PBXFileReference; fileEncoding = 4; lastKnownFileType = sourcecode.c.objc; path = homeViewController.m; sourceTree = "<group>"; };
		205206AA19D702EA00D2DEE9 /* editStarViewController.mm */ = {isa = PBXFileReference; fileEncoding = 4; lastKnownFileType = sourcecode.cpp.objcpp; path = editStarViewController.mm; sourceTree = "<group>"; };
		205206AD19D702F100D2DEE9 /* back1.png */ = {isa = PBXFileReference; lastKnownFileType = image.png; path = back1.png; sourceTree = "<group>"; };
		205206AE19D702F100D2DEE9 /* back2.png */ = {isa = PBXFileReference; lastKnownFileType = image.png; path = back2.png; sourceTree = "<group>"; };
		205206AF19D702F100D2DEE9 /* back3.png */ = {isa = PBXFileReference; lastKnownFileType = image.png; path = back3.png; sourceTree = "<group>"; };
		205206B019D702F100D2DEE9 /* back4.png */ = {isa = PBXFileReference; lastKnownFileType = image.png; path = back4.png; sourceTree = "<group>"; };
		205206B119D702F100D2DEE9 /* back5.png */ = {isa = PBXFileReference; lastKnownFileType = image.png; path = back5.png; sourceTree = "<group>"; };
		205206B319D702F100D2DEE9 /* hoshi01.png */ = {isa = PBXFileReference; lastKnownFileType = image.png; path = hoshi01.png; sourceTree = "<group>"; };
		205206B419D702F100D2DEE9 /* hoshi11.png */ = {isa = PBXFileReference; lastKnownFileType = image.png; path = hoshi11.png; sourceTree = "<group>"; };
		205206B519D702F100D2DEE9 /* hoshi12.png */ = {isa = PBXFileReference; lastKnownFileType = image.png; path = hoshi12.png; sourceTree = "<group>"; };
		205206B619D702F100D2DEE9 /* hoshi13.png */ = {isa = PBXFileReference; lastKnownFileType = image.png; path = hoshi13.png; sourceTree = "<group>"; };
		205206B719D702F100D2DEE9 /* hoshi21.png */ = {isa = PBXFileReference; lastKnownFileType = image.png; path = hoshi21.png; sourceTree = "<group>"; };
		205206B819D702F100D2DEE9 /* hoshi22.png */ = {isa = PBXFileReference; lastKnownFileType = image.png; path = hoshi22.png; sourceTree = "<group>"; };
		205206B919D702F100D2DEE9 /* hoshi23.png */ = {isa = PBXFileReference; lastKnownFileType = image.png; path = hoshi23.png; sourceTree = "<group>"; };
		205206BA19D702F100D2DEE9 /* hoshi99.png */ = {isa = PBXFileReference; lastKnownFileType = image.png; path = hoshi99.png; sourceTree = "<group>"; };
		205206C819D7030200D2DEE9 /* opencv2.framework */ = {isa = PBXFileReference; lastKnownFileType = wrapper.framework; path = opencv2.framework; sourceTree = "<group>"; };
		205206CA19D704C600D2DEE9 /* hisyatai1.png */ = {isa = PBXFileReference; lastKnownFileType = image.png; path = hisyatai1.png; sourceTree = "<group>"; };
		3B3E97A719EACAD400DA92E8 /* line.png */ = {isa = PBXFileReference; lastKnownFileType = image.png; path = line.png; sourceTree = "<group>"; };
		3B874C4519EA015000EDDE68 /* spcback3.jpg */ = {isa = PBXFileReference; lastKnownFileType = image.jpeg; path = spcback3.jpg; sourceTree = "<group>"; };
		3B874C4719EA0DD800EDDE68 /* button1.png */ = {isa = PBXFileReference; lastKnownFileType = image.png; path = button1.png; sourceTree = "<group>"; };
		3B874C4919EA0DE200EDDE68 /* button2.png */ = {isa = PBXFileReference; lastKnownFileType = image.png; path = button2.png; sourceTree = "<group>"; };
		3B874C4B19EA9F8C00EDDE68 /* button3.png */ = {isa = PBXFileReference; lastKnownFileType = image.png; path = button3.png; sourceTree = "<group>"; };
		3B874C4D19EA9F9300EDDE68 /* button4.png */ = {isa = PBXFileReference; lastKnownFileType = image.png; path = button4.png; sourceTree = "<group>"; };
		77DADF6419FE704300E05C93 /* PaletteViewController.h */ = {isa = PBXFileReference; fileEncoding = 4; lastKnownFileType = sourcecode.c.h; path = PaletteViewController.h; sourceTree = "<group>"; };
		77DADF6519FE704300E05C93 /* PaletteViewController.m */ = {isa = PBXFileReference; fileEncoding = 4; lastKnownFileType = sourcecode.c.objc; path = PaletteViewController.m; sourceTree = "<group>"; };
		87188F5E19B9C8300073D35C /* SPiCa.app */ = {isa = PBXFileReference; explicitFileType = wrapper.application; includeInIndex = 0; path = SPiCa.app; sourceTree = BUILT_PRODUCTS_DIR; };
		87188F6119B9C8300073D35C /* Foundation.framework */ = {isa = PBXFileReference; lastKnownFileType = wrapper.framework; name = Foundation.framework; path = System/Library/Frameworks/Foundation.framework; sourceTree = SDKROOT; };
		87188F6319B9C8300073D35C /* CoreGraphics.framework */ = {isa = PBXFileReference; lastKnownFileType = wrapper.framework; name = CoreGraphics.framework; path = System/Library/Frameworks/CoreGraphics.framework; sourceTree = SDKROOT; };
		87188F6519B9C8300073D35C /* UIKit.framework */ = {isa = PBXFileReference; lastKnownFileType = wrapper.framework; name = UIKit.framework; path = System/Library/Frameworks/UIKit.framework; sourceTree = SDKROOT; };
		87188F6919B9C8300073D35C /* SPiCa-Info.plist */ = {isa = PBXFileReference; lastKnownFileType = text.plist.xml; path = "SPiCa-Info.plist"; sourceTree = "<group>"; };
		87188F6B19B9C8300073D35C /* en */ = {isa = PBXFileReference; lastKnownFileType = text.plist.strings; name = en; path = en.lproj/InfoPlist.strings; sourceTree = "<group>"; };
		87188F6D19B9C8300073D35C /* main.m */ = {isa = PBXFileReference; lastKnownFileType = sourcecode.c.objc; path = main.m; sourceTree = "<group>"; };
		87188F6F19B9C8300073D35C /* SPiCa-Prefix.pch */ = {isa = PBXFileReference; lastKnownFileType = sourcecode.c.h; path = "SPiCa-Prefix.pch"; sourceTree = "<group>"; };
		87188F7019B9C8300073D35C /* AppDelegate.h */ = {isa = PBXFileReference; lastKnownFileType = sourcecode.c.h; path = AppDelegate.h; sourceTree = "<group>"; };
		87188F7119B9C8300073D35C /* AppDelegate.m */ = {isa = PBXFileReference; lastKnownFileType = sourcecode.c.objc; path = AppDelegate.m; sourceTree = "<group>"; };
		87188F7419B9C8300073D35C /* Base */ = {isa = PBXFileReference; lastKnownFileType = file.storyboard; name = Base; path = Base.lproj/Main_iPhone.storyboard; sourceTree = "<group>"; };
		87188F7719B9C8300073D35C /* Base */ = {isa = PBXFileReference; lastKnownFileType = file.storyboard; name = Base; path = Base.lproj/Main_iPad.storyboard; sourceTree = "<group>"; };
		87188F7C19B9C8300073D35C /* Images.xcassets */ = {isa = PBXFileReference; lastKnownFileType = folder.assetcatalog; path = Images.xcassets; sourceTree = "<group>"; };
		87188F8219B9C8300073D35C /* SPiCaTests.xctest */ = {isa = PBXFileReference; explicitFileType = wrapper.cfbundle; includeInIndex = 0; path = SPiCaTests.xctest; sourceTree = BUILT_PRODUCTS_DIR; };
		87188F8319B9C8300073D35C /* XCTest.framework */ = {isa = PBXFileReference; lastKnownFileType = wrapper.framework; name = XCTest.framework; path = Library/Frameworks/XCTest.framework; sourceTree = DEVELOPER_DIR; };
		87188F8B19B9C8300073D35C /* SPiCaTests-Info.plist */ = {isa = PBXFileReference; lastKnownFileType = text.plist.xml; path = "SPiCaTests-Info.plist"; sourceTree = "<group>"; };
		87188F8D19B9C8300073D35C /* en */ = {isa = PBXFileReference; lastKnownFileType = text.plist.strings; name = en; path = en.lproj/InfoPlist.strings; sourceTree = "<group>"; };
		87188F8F19B9C8300073D35C /* SPiCaTests.m */ = {isa = PBXFileReference; lastKnownFileType = sourcecode.c.objc; path = SPiCaTests.m; sourceTree = "<group>"; };
/* End PBXFileReference section */

/* Begin PBXFrameworksBuildPhase section */
		87188F5B19B9C8300073D35C /* Frameworks */ = {
			isa = PBXFrameworksBuildPhase;
			buildActionMask = 2147483647;
			files = (
				87188F6419B9C8300073D35C /* CoreGraphics.framework in Frameworks */,
				87188F6619B9C8300073D35C /* UIKit.framework in Frameworks */,
				205206C919D7030200D2DEE9 /* opencv2.framework in Frameworks */,
				87188F6219B9C8300073D35C /* Foundation.framework in Frameworks */,
			);
			runOnlyForDeploymentPostprocessing = 0;
		};
		87188F7F19B9C8300073D35C /* Frameworks */ = {
			isa = PBXFrameworksBuildPhase;
			buildActionMask = 2147483647;
			files = (
				87188F8419B9C8300073D35C /* XCTest.framework in Frameworks */,
				87188F8619B9C8300073D35C /* UIKit.framework in Frameworks */,
				87188F8519B9C8300073D35C /* Foundation.framework in Frameworks */,
			);
			runOnlyForDeploymentPostprocessing = 0;
		};
/* End PBXFrameworksBuildPhase section */

/* Begin PBXGroup section */
		205206AC19D702F100D2DEE9 /* background */ = {
			isa = PBXGroup;
			children = (
				205206AD19D702F100D2DEE9 /* back1.png */,
				205206AE19D702F100D2DEE9 /* back2.png */,
				205206AF19D702F100D2DEE9 /* back3.png */,
				205206B019D702F100D2DEE9 /* back4.png */,
				205206B119D702F100D2DEE9 /* back5.png */,
			);
			path = background;
			sourceTree = "<group>";
		};
		205206B219D702F100D2DEE9 /* stamps */ = {
			isa = PBXGroup;
			children = (
				205206B319D702F100D2DEE9 /* hoshi01.png */,
				205206B419D702F100D2DEE9 /* hoshi11.png */,
				205206B519D702F100D2DEE9 /* hoshi12.png */,
				205206B619D702F100D2DEE9 /* hoshi13.png */,
				205206B719D702F100D2DEE9 /* hoshi21.png */,
				205206B819D702F100D2DEE9 /* hoshi22.png */,
				205206B919D702F100D2DEE9 /* hoshi23.png */,
				205206BA19D702F100D2DEE9 /* hoshi99.png */,
			);
			name = stamps;
			path = background/stamps;
			sourceTree = "<group>";
		};
		3B30782319E9538E00DB7592 /* design */ = {
			isa = PBXGroup;
			children = (
				3B874C4519EA015000EDDE68 /* spcback3.jpg */,
				3B3E97A719EACAD400DA92E8 /* line.png */,
				3B874C4719EA0DD800EDDE68 /* button1.png */,
				3B874C4B19EA9F8C00EDDE68 /* button3.png */,
				3B874C4D19EA9F9300EDDE68 /* button4.png */,
				3B874C4919EA0DE200EDDE68 /* button2.png */,
			);
			name = design;
			sourceTree = "<group>";
		};
		87188F5519B9C82F0073D35C = {
			isa = PBXGroup;
			children = (
				87188F6719B9C8300073D35C /* SPiCa */,
				87188F8919B9C8300073D35C /* SPiCaTests */,
				87188F6019B9C8300073D35C /* Frameworks */,
				87188F5F19B9C8300073D35C /* Products */,
			);
			sourceTree = "<group>";
		};
		87188F5F19B9C8300073D35C /* Products */ = {
			isa = PBXGroup;
			children = (
				87188F5E19B9C8300073D35C /* SPiCa.app */,
				87188F8219B9C8300073D35C /* SPiCaTests.xctest */,
			);
			name = Products;
			sourceTree = "<group>";
		};
		87188F6019B9C8300073D35C /* Frameworks */ = {
			isa = PBXGroup;
			children = (
				205206C819D7030200D2DEE9 /* opencv2.framework */,
				87188F6119B9C8300073D35C /* Foundation.framework */,
				87188F6319B9C8300073D35C /* CoreGraphics.framework */,
				87188F6519B9C8300073D35C /* UIKit.framework */,
				87188F8319B9C8300073D35C /* XCTest.framework */,
			);
			name = Frameworks;
			sourceTree = "<group>";
		};
		87188F6719B9C8300073D35C /* SPiCa */ = {
			isa = PBXGroup;
			children = (
				3B30782319E9538E00DB7592 /* design */,
				205206AC19D702F100D2DEE9 /* background */,
				205206B219D702F100D2DEE9 /* stamps */,
				87188F7319B9C8300073D35C /* Main_iPhone.storyboard */,
				87188F7619B9C8300073D35C /* Main_iPad.storyboard */,
				87188F7019B9C8300073D35C /* AppDelegate.h */,
				205206A319D702D100D2DEE9 /* homeViewController.h */,
				77DADF6419FE704300E05C93 /* PaletteViewController.h */,
				205206A219D702D100D2DEE9 /* editStarViewController.h */,
				205206A119D702D100D2DEE9 /* editLineViewController.h */,
				205206A019D702D100D2DEE9 /* DragView.h */,
				87188F7119B9C8300073D35C /* AppDelegate.m */,
				205206A619D702E200D2DEE9 /* homeViewController.m */,
				77DADF6519FE704300E05C93 /* PaletteViewController.m */,
				205206AA19D702EA00D2DEE9 /* editStarViewController.mm */,
				205206A519D702E200D2DEE9 /* editLineViewController.m */,
				205206A419D702E200D2DEE9 /* DragView.m */,
				205206CA19D704C600D2DEE9 /* hisyatai1.png */,
				87188F7C19B9C8300073D35C /* Images.xcassets */,
				87188F6819B9C8300073D35C /* Supporting Files */,
			);
			path = SPiCa;
			sourceTree = "<group>";
		};
		87188F6819B9C8300073D35C /* Supporting Files */ = {
			isa = PBXGroup;
			children = (
				87188F6919B9C8300073D35C /* SPiCa-Info.plist */,
				87188F6A19B9C8300073D35C /* InfoPlist.strings */,
				87188F6D19B9C8300073D35C /* main.m */,
				87188F6F19B9C8300073D35C /* SPiCa-Prefix.pch */,
			);
			name = "Supporting Files";
			sourceTree = "<group>";
		};
		87188F8919B9C8300073D35C /* SPiCaTests */ = {
			isa = PBXGroup;
			children = (
				87188F8F19B9C8300073D35C /* SPiCaTests.m */,
				87188F8A19B9C8300073D35C /* Supporting Files */,
			);
			path = SPiCaTests;
			sourceTree = "<group>";
		};
		87188F8A19B9C8300073D35C /* Supporting Files */ = {
			isa = PBXGroup;
			children = (
				87188F8B19B9C8300073D35C /* SPiCaTests-Info.plist */,
				87188F8C19B9C8300073D35C /* InfoPlist.strings */,
			);
			name = "Supporting Files";
			sourceTree = "<group>";
		};
/* End PBXGroup section */

/* Begin PBXNativeTarget section */
		87188F5D19B9C8300073D35C /* SPiCa */ = {
			isa = PBXNativeTarget;
			buildConfigurationList = 87188F9319B9C8300073D35C /* Build configuration list for PBXNativeTarget "SPiCa" */;
			buildPhases = (
				87188F5A19B9C8300073D35C /* Sources */,
				87188F5B19B9C8300073D35C /* Frameworks */,
				87188F5C19B9C8300073D35C /* Resources */,
			);
			buildRules = (
			);
			dependencies = (
			);
			name = SPiCa;
			productName = SPiCa;
			productReference = 87188F5E19B9C8300073D35C /* SPiCa.app */;
			productType = "com.apple.product-type.application";
		};
		87188F8119B9C8300073D35C /* SPiCaTests */ = {
			isa = PBXNativeTarget;
			buildConfigurationList = 87188F9619B9C8300073D35C /* Build configuration list for PBXNativeTarget "SPiCaTests" */;
			buildPhases = (
				87188F7E19B9C8300073D35C /* Sources */,
				87188F7F19B9C8300073D35C /* Frameworks */,
				87188F8019B9C8300073D35C /* Resources */,
			);
			buildRules = (
			);
			dependencies = (
				87188F8819B9C8300073D35C /* PBXTargetDependency */,
			);
			name = SPiCaTests;
			productName = SPiCaTests;
			productReference = 87188F8219B9C8300073D35C /* SPiCaTests.xctest */;
			productType = "com.apple.product-type.bundle.unit-test";
		};
/* End PBXNativeTarget section */

/* Begin PBXProject section */
		87188F5619B9C82F0073D35C /* Project object */ = {
			isa = PBXProject;
			attributes = {
				LastUpgradeCheck = 0510;
				ORGANIZATIONNAME = "___FULLUSERNAME___";
				TargetAttributes = {
					87188F8119B9C8300073D35C = {
						TestTargetID = 87188F5D19B9C8300073D35C;
					};
				};
			};
			buildConfigurationList = 87188F5919B9C82F0073D35C /* Build configuration list for PBXProject "SPiCa" */;
			compatibilityVersion = "Xcode 3.2";
			developmentRegion = English;
			hasScannedForEncodings = 0;
			knownRegions = (
				en,
				Base,
			);
			mainGroup = 87188F5519B9C82F0073D35C;
			productRefGroup = 87188F5F19B9C8300073D35C /* Products */;
			projectDirPath = "";
			projectRoot = "";
			targets = (
				87188F5D19B9C8300073D35C /* SPiCa */,
				87188F8119B9C8300073D35C /* SPiCaTests */,
			);
		};
/* End PBXProject section */

/* Begin PBXResourcesBuildPhase section */
		87188F5C19B9C8300073D35C /* Resources */ = {
			isa = PBXResourcesBuildPhase;
			buildActionMask = 2147483647;
			files = (
				3B874C4A19EA0DE200EDDE68 /* button2.png in Resources */,
				205206BE19D702F100D2DEE9 /* back4.png in Resources */,
				205206BD19D702F100D2DEE9 /* back3.png in Resources */,
				205206BB19D702F100D2DEE9 /* back1.png in Resources */,
				205206BC19D702F100D2DEE9 /* back2.png in Resources */,
				87188F7819B9C8300073D35C /* Main_iPad.storyboard in Resources */,
				205206C719D702F100D2DEE9 /* hoshi99.png in Resources */,
				3B874C4E19EA9F9300EDDE68 /* button4.png in Resources */,
				87188F7D19B9C8300073D35C /* Images.xcassets in Resources */,
				87188F7519B9C8300073D35C /* Main_iPhone.storyboard in Resources */,
				3B874C4C19EA9F8C00EDDE68 /* button3.png in Resources */,
				3B3E97A819EACAD400DA92E8 /* line.png in Resources */,
				87188F6C19B9C8300073D35C /* InfoPlist.strings in Resources */,
				205206CB19D704C600D2DEE9 /* hisyatai1.png in Resources */,
				205206C019D702F100D2DEE9 /* hoshi01.png in Resources */,
				205206BF19D702F100D2DEE9 /* back5.png in Resources */,
				3B874C4619EA015000EDDE68 /* spcback3.jpg in Resources */,
				205206C219D702F100D2DEE9 /* hoshi12.png in Resources */,
				205206C119D702F100D2DEE9 /* hoshi11.png in Resources */,
				205206C519D702F100D2DEE9 /* hoshi22.png in Resources */,
				3B874C4819EA0DD800EDDE68 /* button1.png in Resources */,
				205206C619D702F100D2DEE9 /* hoshi23.png in Resources */,
				205206C319D702F100D2DEE9 /* hoshi13.png in Resources */,
				205206C419D702F100D2DEE9 /* hoshi21.png in Resources */,
			);
			runOnlyForDeploymentPostprocessing = 0;
		};
		87188F8019B9C8300073D35C /* Resources */ = {
			isa = PBXResourcesBuildPhase;
			buildActionMask = 2147483647;
			files = (
				87188F8E19B9C8300073D35C /* InfoPlist.strings in Resources */,
			);
			runOnlyForDeploymentPostprocessing = 0;
		};
/* End PBXResourcesBuildPhase section */

/* Begin PBXSourcesBuildPhase section */
		87188F5A19B9C8300073D35C /* Sources */ = {
			isa = PBXSourcesBuildPhase;
			buildActionMask = 2147483647;
			files = (
				205206A819D702E200D2DEE9 /* editLineViewController.m in Sources */,
				87188F7219B9C8300073D35C /* AppDelegate.m in Sources */,
				77DADF6619FE704300E05C93 /* PaletteViewController.m in Sources */,
				205206A719D702E200D2DEE9 /* DragView.m in Sources */,
				87188F6E19B9C8300073D35C /* main.m in Sources */,
				205206AB19D702EA00D2DEE9 /* editStarViewController.mm in Sources */,
				205206A919D702E200D2DEE9 /* homeViewController.m in Sources */,
			);
			runOnlyForDeploymentPostprocessing = 0;
		};
		87188F7E19B9C8300073D35C /* Sources */ = {
			isa = PBXSourcesBuildPhase;
			buildActionMask = 2147483647;
			files = (
				87188F9019B9C8300073D35C /* SPiCaTests.m in Sources */,
			);
			runOnlyForDeploymentPostprocessing = 0;
		};
/* End PBXSourcesBuildPhase section */

/* Begin PBXTargetDependency section */
		87188F8819B9C8300073D35C /* PBXTargetDependency */ = {
			isa = PBXTargetDependency;
			target = 87188F5D19B9C8300073D35C /* SPiCa */;
			targetProxy = 87188F8719B9C8300073D35C /* PBXContainerItemProxy */;
		};
/* End PBXTargetDependency section */

/* Begin PBXVariantGroup section */
		87188F6A19B9C8300073D35C /* InfoPlist.strings */ = {
			isa = PBXVariantGroup;
			children = (
				87188F6B19B9C8300073D35C /* en */,
			);
			name = InfoPlist.strings;
			sourceTree = "<group>";
		};
		87188F7319B9C8300073D35C /* Main_iPhone.storyboard */ = {
			isa = PBXVariantGroup;
			children = (
				87188F7419B9C8300073D35C /* Base */,
			);
			name = Main_iPhone.storyboard;
			sourceTree = "<group>";
		};
		87188F7619B9C8300073D35C /* Main_iPad.storyboard */ = {
			isa = PBXVariantGroup;
			children = (
				87188F7719B9C8300073D35C /* Base */,
			);
			name = Main_iPad.storyboard;
			sourceTree = "<group>";
		};
		87188F8C19B9C8300073D35C /* InfoPlist.strings */ = {
			isa = PBXVariantGroup;
			children = (
				87188F8D19B9C8300073D35C /* en */,
			);
			name = InfoPlist.strings;
			sourceTree = "<group>";
		};
/* End PBXVariantGroup section */

/* Begin XCBuildConfiguration section */
		87188F9119B9C8300073D35C /* Debug */ = {
			isa = XCBuildConfiguration;
			buildSettings = {
				ALWAYS_SEARCH_USER_PATHS = NO;
				CLANG_CXX_LANGUAGE_STANDARD = "gnu++0x";
				CLANG_CXX_LIBRARY = "libc++";
				CLANG_ENABLE_MODULES = YES;
				CLANG_ENABLE_OBJC_ARC = YES;
				CLANG_WARN_BOOL_CONVERSION = YES;
				CLANG_WARN_CONSTANT_CONVERSION = YES;
				CLANG_WARN_DIRECT_OBJC_ISA_USAGE = YES_ERROR;
				CLANG_WARN_EMPTY_BODY = YES;
				CLANG_WARN_ENUM_CONVERSION = YES;
				CLANG_WARN_INT_CONVERSION = YES;
				CLANG_WARN_OBJC_ROOT_CLASS = YES_ERROR;
				CLANG_WARN__DUPLICATE_METHOD_MATCH = YES;
				"CODE_SIGN_IDENTITY[sdk=iphoneos*]" = "iPhone Developer";
				COPY_PHASE_STRIP = NO;
				GCC_C_LANGUAGE_STANDARD = gnu99;
				GCC_DYNAMIC_NO_PIC = NO;
				GCC_OPTIMIZATION_LEVEL = 0;
				GCC_PREPROCESSOR_DEFINITIONS = (
					"DEBUG=1",
					"$(inherited)",
				);
				GCC_SYMBOLS_PRIVATE_EXTERN = NO;
				GCC_WARN_64_TO_32_BIT_CONVERSION = YES;
				GCC_WARN_ABOUT_RETURN_TYPE = YES_ERROR;
				GCC_WARN_UNDECLARED_SELECTOR = YES;
				GCC_WARN_UNINITIALIZED_AUTOS = YES_AGGRESSIVE;
				GCC_WARN_UNUSED_FUNCTION = YES;
				GCC_WARN_UNUSED_VARIABLE = YES;
				IPHONEOS_DEPLOYMENT_TARGET = 7.1;
				ONLY_ACTIVE_ARCH = YES;
				SDKROOT = iphoneos;
				TARGETED_DEVICE_FAMILY = "1,2";
			};
			name = Debug;
		};
		87188F9219B9C8300073D35C /* Release */ = {
			isa = XCBuildConfiguration;
			buildSettings = {
				ALWAYS_SEARCH_USER_PATHS = NO;
				CLANG_CXX_LANGUAGE_STANDARD = "gnu++0x";
				CLANG_CXX_LIBRARY = "libc++";
				CLANG_ENABLE_MODULES = YES;
				CLANG_ENABLE_OBJC_ARC = YES;
				CLANG_WARN_BOOL_CONVERSION = YES;
				CLANG_WARN_CONSTANT_CONVERSION = YES;
				CLANG_WARN_DIRECT_OBJC_ISA_USAGE = YES_ERROR;
				CLANG_WARN_EMPTY_BODY = YES;
				CLANG_WARN_ENUM_CONVERSION = YES;
				CLANG_WARN_INT_CONVERSION = YES;
				CLANG_WARN_OBJC_ROOT_CLASS = YES_ERROR;
				CLANG_WARN__DUPLICATE_METHOD_MATCH = YES;
				"CODE_SIGN_IDENTITY[sdk=iphoneos*]" = "iPhone Developer";
				COPY_PHASE_STRIP = YES;
				ENABLE_NS_ASSERTIONS = NO;
				GCC_C_LANGUAGE_STANDARD = gnu99;
				GCC_WARN_64_TO_32_BIT_CONVERSION = YES;
				GCC_WARN_ABOUT_RETURN_TYPE = YES_ERROR;
				GCC_WARN_UNDECLARED_SELECTOR = YES;
				GCC_WARN_UNINITIALIZED_AUTOS = YES_AGGRESSIVE;
				GCC_WARN_UNUSED_FUNCTION = YES;
				GCC_WARN_UNUSED_VARIABLE = YES;
				IPHONEOS_DEPLOYMENT_TARGET = 7.1;
				SDKROOT = iphoneos;
				TARGETED_DEVICE_FAMILY = "1,2";
				VALIDATE_PRODUCT = YES;
			};
			name = Release;
		};
		87188F9419B9C8300073D35C /* Debug */ = {
			isa = XCBuildConfiguration;
			buildSettings = {
				ASSETCATALOG_COMPILER_APPICON_NAME = AppIcon;
				ASSETCATALOG_COMPILER_LAUNCHIMAGE_NAME = LaunchImage;
				FRAMEWORK_SEARCH_PATHS = (
					"$(inherited)",
					"$(PROJECT_DIR)",
				);
				GCC_PRECOMPILE_PREFIX_HEADER = YES;
				GCC_PREFIX_HEADER = "SPiCa/SPiCa-Prefix.pch";
				INFOPLIST_FILE = "SPiCa/SPiCa-Info.plist";
				PRODUCT_NAME = "$(TARGET_NAME)";
				WRAPPER_EXTENSION = app;
			};
			name = Debug;
		};
		87188F9519B9C8300073D35C /* Release */ = {
			isa = XCBuildConfiguration;
			buildSettings = {
				ASSETCATALOG_COMPILER_APPICON_NAME = AppIcon;
				ASSETCATALOG_COMPILER_LAUNCHIMAGE_NAME = LaunchImage;
				FRAMEWORK_SEARCH_PATHS = (
					"$(inherited)",
					"$(PROJECT_DIR)",
				);
				GCC_PRECOMPILE_PREFIX_HEADER = YES;
				GCC_PREFIX_HEADER = "SPiCa/SPiCa-Prefix.pch";
				INFOPLIST_FILE = "SPiCa/SPiCa-Info.plist";
				PRODUCT_NAME = "$(TARGET_NAME)";
				WRAPPER_EXTENSION = app;
			};
			name = Release;
		};
		87188F9719B9C8300073D35C /* Debug */ = {
			isa = XCBuildConfiguration;
			buildSettings = {
				BUNDLE_LOADER = "$(BUILT_PRODUCTS_DIR)/SPiCa.app/SPiCa";
				FRAMEWORK_SEARCH_PATHS = (
					"$(SDKROOT)/Developer/Library/Frameworks",
					"$(inherited)",
					"$(DEVELOPER_FRAMEWORKS_DIR)",
				);
				GCC_PRECOMPILE_PREFIX_HEADER = YES;
				GCC_PREFIX_HEADER = "SPiCa/SPiCa-Prefix.pch";
				GCC_PREPROCESSOR_DEFINITIONS = (
					"DEBUG=1",
					"$(inherited)",
				);
				INFOPLIST_FILE = "SPiCaTests/SPiCaTests-Info.plist";
				PRODUCT_NAME = "$(TARGET_NAME)";
				TEST_HOST = "$(BUNDLE_LOADER)";
				WRAPPER_EXTENSION = xctest;
			};
			name = Debug;
		};
		87188F9819B9C8300073D35C /* Release */ = {
			isa = XCBuildConfiguration;
			buildSettings = {
				BUNDLE_LOADER = "$(BUILT_PRODUCTS_DIR)/SPiCa.app/SPiCa";
				FRAMEWORK_SEARCH_PATHS = (
					"$(SDKROOT)/Developer/Library/Frameworks",
					"$(inherited)",
					"$(DEVELOPER_FRAMEWORKS_DIR)",
				);
				GCC_PRECOMPILE_PREFIX_HEADER = YES;
				GCC_PREFIX_HEADER = "SPiCa/SPiCa-Prefix.pch";
				INFOPLIST_FILE = "SPiCaTests/SPiCaTests-Info.plist";
				PRODUCT_NAME = "$(TARGET_NAME)";
				TEST_HOST = "$(BUNDLE_LOADER)";
				WRAPPER_EXTENSION = xctest;
			};
			name = Release;
		};
/* End XCBuildConfiguration section */

/* Begin XCConfigurationList section */
		87188F5919B9C82F0073D35C /* Build configuration list for PBXProject "SPiCa" */ = {
			isa = XCConfigurationList;
			buildConfigurations = (
				87188F9119B9C8300073D35C /* Debug */,
				87188F9219B9C8300073D35C /* Release */,
			);
			defaultConfigurationIsVisible = 0;
			defaultConfigurationName = Release;
		};
		87188F9319B9C8300073D35C /* Build configuration list for PBXNativeTarget "SPiCa" */ = {
			isa = XCConfigurationList;
			buildConfigurations = (
				87188F9419B9C8300073D35C /* Debug */,
				87188F9519B9C8300073D35C /* Release */,
			);
			defaultConfigurationIsVisible = 0;
			defaultConfigurationName = Release;
		};
		87188F9619B9C8300073D35C /* Build configuration list for PBXNativeTarget "SPiCaTests" */ = {
			isa = XCConfigurationList;
			buildConfigurations = (
				87188F9719B9C8300073D35C /* Debug */,
				87188F9819B9C8300073D35C /* Release */,
			);
			defaultConfigurationIsVisible = 0;
			defaultConfigurationName = Release;
		};
/* End XCConfigurationList section */
	};
	rootObject = 87188F5619B9C82F0073D35C /* Project object */;
}
